
Microsoft Visual Studio Solution File, Format Version 12.00
# Visual Studio Version 17
VisualStudioVersion = 17.8.34511.84
MinimumVisualStudioVersion = 10.0.40219.1
Project("{FAE04EC0-301F-11D3-BF4B-00C04F79EFBC}") = "ADUserTest", "ADUserTest\ADUserTest.csproj", "{35E17220-B4BE-4167-B3A5-467E48CB9759}"
EndProject
Project("{FAE04EC0-301F-11D3-BF4B-00C04F79EFBC}") = "ADUserTest.Identity", "ADUserTest.Identity\ADUserTest.Identity.csproj", "{A1072447-191B-4369-924B-BED41EECEC82}"
EndProject
Global
	GlobalSection(SolutionConfigurationPlatforms) = preSolution
		Debug|Any CPU = Debug|Any CPU
		Release|Any CPU = Release|Any CPU
	EndGlobalSection
	GlobalSection(ProjectConfigurationPlatforms) = postSolution
		{35E17220-B4BE-4167-B3A5-467E48CB9759}.Debug|Any CPU.ActiveCfg = Debug|Any CPU
		{35E17220-B4BE-4167-B3A5-467E48CB9759}.Debug|Any CPU.Build.0 = Debug|Any CPU
		{35E17220-B4BE-4167-B3A5-467E48CB9759}.Release|Any CPU.ActiveCfg = Release|Any CPU
		{35E17220-B4BE-4167-B3A5-467E48CB9759}.Release|Any CPU.Build.0 = Release|Any CPU
		{A1072447-191B-4369-924B-BED41EECEC82}.Debug|Any CPU.ActiveCfg = Debug|Any CPU
		{A1072447-191B-4369-924B-BED41EECEC82}.Debug|Any CPU.Build.0 = Debug|Any CPU
		{A1072447-191B-4369-924B-BED41EECEC82}.Release|Any CPU.ActiveCfg = Release|Any CPU
		{A1072447-191B-4369-924B-BED41EECEC82}.Release|Any CPU.Build.0 = Release|Any CPU
	EndGlobalSection
	GlobalSection(SolutionProperties) = preSolution
		HideSolutionNode = FALSE
	EndGlobalSection
	GlobalSection(ExtensibilityGlobals) = postSolution
		SolutionGuid = {9F870E3D-185E-469E-960B-46F3D769C72D}
	EndGlobalSection
EndGlobal
